# THIS IS AN AUTOGENERATED FILE. DO NOT EDIT THIS FILE DIRECTLY.
# yarn lockfile v1


graphql@^16.8.0:
  version "16.8.0"
  resolved "https://registry.yarnpkg.com/graphql/-/graphql-16.8.0.tgz#374478b7f27b2dc6153c8f42c1b80157f79d79d4"
  integrity sha512-0oKGaR+y3qcS5mCu1vb7KG+a89vjn06C7Ihq/dDl3jA+A8B3TKomvi3CiEcVLJQGalbu8F52LxkOym7U5sSfbg==
